{
  "originHash" : "a9eb3f0d0ff8faee170594c591f4342e7c90d2d36770337b3fd500823ee7e1f8",
  "pins" : [
    {
      "identity" : "gr4vy-swift",
      "kind" : "remoteSourceControl",
      "location" : "https://github.com/gr4vy/gr4vy-swift",
      "state" : {
        "branch" : "main",
        "revision" : "9d5e4b88585e14c8e073c61d6bfcc1b7e3b54bd4"
      }
    },
    {
      "identity" : "ios-3ds-sdk-spm",
      "kind" : "remoteSourceControl",
      "location" : "https://github.com/netceteragroup/ios-3ds-sdk-spm.git",
      "state" : {
        "revision" : "e2fe4a1430d3d3185ea7c84b87a0cfdefbe3e077",
        "version" : "2.7.0"
      }
    }
  ],
  "version" : 3
}
