{
  "originHash" : "73ba6b4fa1dd4b79d42a762210bb8bdb5c5c9ccc765bbdf8785a319ac07ad1a6",
  "pins" : [
    {
      "identity" : "gr4vy-swift",
      "kind" : "remoteSourceControl",
      "location" : "https://github.com/gr4vy/gr4vy-swift",
      "state" : {
        "branch" : "main",
        "revision" : "d378bd687aacab072c5c9d4de419ea3d2bc589e6"
      }
    },
    {
      "identity" : "spm",
      "kind" : "remoteSourceControl",
      "location" : "https://github.com/ios-3ds-sdk/SPM.git",
      "state" : {
        "revision" : "421449969baa6ef80c33fd077c217f724ccfd348",
        "version" : "2.5.30"
      }
    }
  ],
  "version" : 3
}
